
Microsoft Visual Studio Solution File, Format Version 12.00
# Visual Studio Version 17
VisualStudioVersion = 17.6.33829.357
MinimumVisualStudioVersion = 10.0.40219.1
Project("{FAE04EC0-301F-11D3-BF4B-00C04F79EFBC}") = "BMI_Calculator", "BMI_Calculator\BMI_Calculator.csproj", "{837CED8D-2B0A-4C68-AD90-7B5909D4CE2B}"
EndProject
Global
	GlobalSection(SolutionConfigurationPlatforms) = preSolution
		Debug|Any CPU = Debug|Any CPU
		Release|Any CPU = Release|Any CPU
	EndGlobalSection
	GlobalSection(ProjectConfigurationPlatforms) = postSolution
		{837CED8D-2B0A-4C68-AD90-7B5909D4CE2B}.Debug|Any CPU.ActiveCfg = Debug|Any CPU
		{837CED8D-2B0A-4C68-AD90-7B5909D4CE2B}.Debug|Any CPU.Build.0 = Debug|Any CPU
		{837CED8D-2B0A-4C68-AD90-7B5909D4CE2B}.Release|Any CPU.ActiveCfg = Release|Any CPU
		{837CED8D-2B0A-4C68-AD90-7B5909D4CE2B}.Release|Any CPU.Build.0 = Release|Any CPU
	EndGlobalSection
	GlobalSection(SolutionProperties) = preSolution
		HideSolutionNode = FALSE
	EndGlobalSection
	GlobalSection(ExtensibilityGlobals) = postSolution
		SolutionGuid = {C54A4D9E-B06B-4EB8-8A3D-D84D79E8C0AE}
	EndGlobalSection
EndGlobal
